
Microsoft Visual Studio Solution File, Format Version 12.00
# Visual Studio Version 16
VisualStudioVersion = 16.0.30011.22
MinimumVisualStudioVersion = 10.0.40219.1
Project("{FAE04EC0-301F-11D3-BF4B-00C04F79EFBC}") = "notebook rssu", "notebook rssu\notebook rssu.csproj", "{27CDCF70-74C6-4866-A65C-26BF08DB600F}"
EndProject
Global
	GlobalSection(SolutionConfigurationPlatforms) = preSolution
		Debug|Any CPU = Debug|Any CPU
		Release|Any CPU = Release|Any CPU
	EndGlobalSection
	GlobalSection(ProjectConfigurationPlatforms) = postSolution
		{27CDCF70-74C6-4866-A65C-26BF08DB600F}.Debug|Any CPU.ActiveCfg = Debug|Any CPU
		{27CDCF70-74C6-4866-A65C-26BF08DB600F}.Debug|Any CPU.Build.0 = Debug|Any CPU
		{27CDCF70-74C6-4866-A65C-26BF08DB600F}.Release|Any CPU.ActiveCfg = Release|Any CPU
		{27CDCF70-74C6-4866-A65C-26BF08DB600F}.Release|Any CPU.Build.0 = Release|Any CPU
	EndGlobalSection
	GlobalSection(SolutionProperties) = preSolution
		HideSolutionNode = FALSE
	EndGlobalSection
	GlobalSection(ExtensibilityGlobals) = postSolution
		SolutionGuid = {B17C7E8E-7F5A-4941-82D2-659D080E7D8D}
	EndGlobalSection
EndGlobal
